
Microsoft Visual Studio Solution File, Format Version 12.00
# Visual Studio Version 17
VisualStudioVersion = 17.11.35222.181
MinimumVisualStudioVersion = 10.0.40219.1
Project("{FAE04EC0-301F-11D3-BF4B-00C04F79EFBC}") = "Presentation", "Presentation\Presentation.csproj", "{151FD44F-535D-4AB6-B57A-818B9A0182BE}"
EndProject
Project("{FAE04EC0-301F-11D3-BF4B-00C04F79EFBC}") = "BLL", "BLL\BLL.csproj", "{5EB4819F-4B08-40E3-890D-9D8C2FB0F344}"
EndProject
Project("{FAE04EC0-301F-11D3-BF4B-00C04F79EFBC}") = "DAL", "DAL\DAL.csproj", "{31DD9CB3-E841-480C-AA2D-3C025946B27A}"
EndProject
Project("{FAE04EC0-301F-11D3-BF4B-00C04F79EFBC}") = "Model", "Model\Model.csproj", "{3CEFD898-7841-4722-88D9-3AD59A999C9D}"
EndProject
Global
	GlobalSection(SolutionConfigurationPlatforms) = preSolution
		Debug|Any CPU = Debug|Any CPU
		Release|Any CPU = Release|Any CPU
	EndGlobalSection
	GlobalSection(ProjectConfigurationPlatforms) = postSolution
		{151FD44F-535D-4AB6-B57A-818B9A0182BE}.Debug|Any CPU.ActiveCfg = Debug|Any CPU
		{151FD44F-535D-4AB6-B57A-818B9A0182BE}.Debug|Any CPU.Build.0 = Debug|Any CPU
		{151FD44F-535D-4AB6-B57A-818B9A0182BE}.Release|Any CPU.ActiveCfg = Release|Any CPU
		{151FD44F-535D-4AB6-B57A-818B9A0182BE}.Release|Any CPU.Build.0 = Release|Any CPU
		{5EB4819F-4B08-40E3-890D-9D8C2FB0F344}.Debug|Any CPU.ActiveCfg = Debug|Any CPU
		{5EB4819F-4B08-40E3-890D-9D8C2FB0F344}.Debug|Any CPU.Build.0 = Debug|Any CPU
		{5EB4819F-4B08-40E3-890D-9D8C2FB0F344}.Release|Any CPU.ActiveCfg = Release|Any CPU
		{5EB4819F-4B08-40E3-890D-9D8C2FB0F344}.Release|Any CPU.Build.0 = Release|Any CPU
		{31DD9CB3-E841-480C-AA2D-3C025946B27A}.Debug|Any CPU.ActiveCfg = Debug|Any CPU
		{31DD9CB3-E841-480C-AA2D-3C025946B27A}.Debug|Any CPU.Build.0 = Debug|Any CPU
		{31DD9CB3-E841-480C-AA2D-3C025946B27A}.Release|Any CPU.ActiveCfg = Release|Any CPU
		{31DD9CB3-E841-480C-AA2D-3C025946B27A}.Release|Any CPU.Build.0 = Release|Any CPU
		{3CEFD898-7841-4722-88D9-3AD59A999C9D}.Debug|Any CPU.ActiveCfg = Debug|Any CPU
		{3CEFD898-7841-4722-88D9-3AD59A999C9D}.Debug|Any CPU.Build.0 = Debug|Any CPU
		{3CEFD898-7841-4722-88D9-3AD59A999C9D}.Release|Any CPU.ActiveCfg = Release|Any CPU
		{3CEFD898-7841-4722-88D9-3AD59A999C9D}.Release|Any CPU.Build.0 = Release|Any CPU
	EndGlobalSection
	GlobalSection(SolutionProperties) = preSolution
		HideSolutionNode = FALSE
	EndGlobalSection
	GlobalSection(ExtensibilityGlobals) = postSolution
		SolutionGuid = {0665523D-6FD0-4F88-AE32-D6558C1F0C1E}
	EndGlobalSection
EndGlobal
